
Microsoft Visual Studio Solution File, Format Version 12.00
# Visual Studio Version 16
VisualStudioVersion = 16.0.30225.117
MinimumVisualStudioVersion = 10.0.40219.1
Project("{FAE04EC0-301F-11D3-BF4B-00C04F79EFBC}") = "AppNomina", "AppNomina\AppNomina.csproj", "{035F9277-0CA5-4C7E-A34E-4F27CD4DC5C9}"
EndProject
Global
	GlobalSection(SolutionConfigurationPlatforms) = preSolution
		Debug|Any CPU = Debug|Any CPU
		Release|Any CPU = Release|Any CPU
	EndGlobalSection
	GlobalSection(ProjectConfigurationPlatforms) = postSolution
		{035F9277-0CA5-4C7E-A34E-4F27CD4DC5C9}.Debug|Any CPU.ActiveCfg = Debug|Any CPU
		{035F9277-0CA5-4C7E-A34E-4F27CD4DC5C9}.Debug|Any CPU.Build.0 = Debug|Any CPU
		{035F9277-0CA5-4C7E-A34E-4F27CD4DC5C9}.Release|Any CPU.ActiveCfg = Release|Any CPU
		{035F9277-0CA5-4C7E-A34E-4F27CD4DC5C9}.Release|Any CPU.Build.0 = Release|Any CPU
	EndGlobalSection
	GlobalSection(SolutionProperties) = preSolution
		HideSolutionNode = FALSE
	EndGlobalSection
	GlobalSection(ExtensibilityGlobals) = postSolution
		SolutionGuid = {CDC69EFA-7909-46B5-A2AD-7CB37895CFFA}
	EndGlobalSection
EndGlobal
